
Microsoft Visual Studio Solution File, Format Version 12.00
# Visual Studio 15
VisualStudioVersion = 15.0.27703.2026
MinimumVisualStudioVersion = 10.0.40219.1
Project("{FAE04EC0-301F-11D3-BF4B-00C04F79EFBC}") = "PRSwithEF", "PRSwithEF\PRSwithEF.csproj", "{702191D7-A510-4500-BA26-4F9D711197A9}"
EndProject
Global
	GlobalSection(SolutionConfigurationPlatforms) = preSolution
		Debug|Any CPU = Debug|Any CPU
		Release|Any CPU = Release|Any CPU
	EndGlobalSection
	GlobalSection(ProjectConfigurationPlatforms) = postSolution
		{702191D7-A510-4500-BA26-4F9D711197A9}.Debug|Any CPU.ActiveCfg = Debug|Any CPU
		{702191D7-A510-4500-BA26-4F9D711197A9}.Debug|Any CPU.Build.0 = Debug|Any CPU
		{702191D7-A510-4500-BA26-4F9D711197A9}.Release|Any CPU.ActiveCfg = Release|Any CPU
		{702191D7-A510-4500-BA26-4F9D711197A9}.Release|Any CPU.Build.0 = Release|Any CPU
	EndGlobalSection
	GlobalSection(SolutionProperties) = preSolution
		HideSolutionNode = FALSE
	EndGlobalSection
	GlobalSection(ExtensibilityGlobals) = postSolution
		SolutionGuid = {D15EA7F5-57D9-4A97-8B7C-B047C89BECE4}
	EndGlobalSection
EndGlobal
